// !$*UTF8*$!
{
	archiveVersion = 1;
	classes = {
	};
	objectVersion = 46;
	objects = {

/* Begin PBXBuildFile section */
		D344C3541EB648CE0007E788 /* SUtility.framework in Frameworks */ = {isa = PBXBuildFile; fileRef = D344C34A1EB648CE0007E788 /* SUtility.framework */; };
		D344C35B1EB648CE0007E788 /* SUtility.h in Headers */ = {isa = PBXBuildFile; fileRef = D344C34D1EB648CE0007E788 /* SUtility.h */; settings = {ATTRIBUTES = (Public, ); }; };
		D344C3661EB6494E0007E788 /* Animation.swift in Sources */ = {isa = PBXBuildFile; fileRef = D344C3641EB6494E0007E788 /* Animation.swift */; };
		D344C3671EB6494E0007E788 /* RunningAverage.swift in Sources */ = {isa = PBXBuildFile; fileRef = D344C3651EB6494E0007E788 /* RunningAverage.swift */; };
		D344C36A1EB6496A0007E788 /* TestAnimation.swift in Sources */ = {isa = PBXBuildFile; fileRef = D344C3681EB6496A0007E788 /* TestAnimation.swift */; };
		D344C36B1EB6496A0007E788 /* TestRunningAverage.swift in Sources */ = {isa = PBXBuildFile; fileRef = D344C3691EB6496A0007E788 /* TestRunningAverage.swift */; };
/* End PBXBuildFile section */

/* Begin PBXContainerItemProxy section */
		D344C3551EB648CE0007E788 /* PBXContainerItemProxy */ = {
			isa = PBXContainerItemProxy;
			containerPortal = D344C3411EB648CE0007E788 /* Project object */;
			proxyType = 1;
			remoteGlobalIDString = D344C3491EB648CE0007E788;
			remoteInfo = SUtility;
		};
/* End PBXContainerItemProxy section */

/* Begin PBXFileReference section */
		D344C34A1EB648CE0007E788 /* SUtility.framework */ = {isa = PBXFileReference; explicitFileType = wrapper.framework; includeInIndex = 0; path = SUtility.framework; sourceTree = BUILT_PRODUCTS_DIR; };
		D344C34D1EB648CE0007E788 /* SUtility.h */ = {isa = PBXFileReference; lastKnownFileType = sourcecode.c.h; path = SUtility.h; sourceTree = "<group>"; };
		D344C34E1EB648CE0007E788 /* Info.plist */ = {isa = PBXFileReference; lastKnownFileType = text.plist.xml; path = Info.plist; sourceTree = "<group>"; };
		D344C3531EB648CE0007E788 /* SUtilityTests.xctest */ = {isa = PBXFileReference; explicitFileType = wrapper.cfbundle; includeInIndex = 0; path = SUtilityTests.xctest; sourceTree = BUILT_PRODUCTS_DIR; };
		D344C35A1EB648CE0007E788 /* Info.plist */ = {isa = PBXFileReference; lastKnownFileType = text.plist.xml; path = Info.plist; sourceTree = "<group>"; };
		D344C3641EB6494E0007E788 /* Animation.swift */ = {isa = PBXFileReference; fileEncoding = 4; lastKnownFileType = sourcecode.swift; path = Animation.swift; sourceTree = "<group>"; };
		D344C3651EB6494E0007E788 /* RunningAverage.swift */ = {isa = PBXFileReference; fileEncoding = 4; lastKnownFileType = sourcecode.swift; path = RunningAverage.swift; sourceTree = "<group>"; };
		D344C3681EB6496A0007E788 /* TestAnimation.swift */ = {isa = PBXFileReference; fileEncoding = 4; lastKnownFileType = sourcecode.swift; path = TestAnimation.swift; sourceTree = "<group>"; };
		D344C3691EB6496A0007E788 /* TestRunningAverage.swift */ = {isa = PBXFileReference; fileEncoding = 4; lastKnownFileType = sourcecode.swift; path = TestRunningAverage.swift; sourceTree = "<group>"; };
/* End PBXFileReference section */

/* Begin PBXFrameworksBuildPhase section */
		D344C3461EB648CE0007E788 /* Frameworks */ = {
			isa = PBXFrameworksBuildPhase;
			buildActionMask = 2147483647;
			files = (
			);
			runOnlyForDeploymentPostprocessing = 0;
		};
		D344C3501EB648CE0007E788 /* Frameworks */ = {
			isa = PBXFrameworksBuildPhase;
			buildActionMask = 2147483647;
			files = (
				D344C3541EB648CE0007E788 /* SUtility.framework in Frameworks */,
			);
			runOnlyForDeploymentPostprocessing = 0;
		};
/* End PBXFrameworksBuildPhase section */

/* Begin PBXGroup section */
		D344C3401EB648CE0007E788 = {
			isa = PBXGroup;
			children = (
				D344C34C1EB648CE0007E788 /* SUtility */,
				D344C3571EB648CE0007E788 /* SUtilityTests */,
				D344C34B1EB648CE0007E788 /* Products */,
			);
			sourceTree = "<group>";
		};
		D344C34B1EB648CE0007E788 /* Products */ = {
			isa = PBXGroup;
			children = (
				D344C34A1EB648CE0007E788 /* SUtility.framework */,
				D344C3531EB648CE0007E788 /* SUtilityTests.xctest */,
			);
			name = Products;
			sourceTree = "<group>";
		};
		D344C34C1EB648CE0007E788 /* SUtility */ = {
			isa = PBXGroup;
			children = (
				D344C3641EB6494E0007E788 /* Animation.swift */,
				D344C3651EB6494E0007E788 /* RunningAverage.swift */,
				D344C34D1EB648CE0007E788 /* SUtility.h */,
				D344C34E1EB648CE0007E788 /* Info.plist */,
			);
			path = SUtility;
			sourceTree = "<group>";
		};
		D344C3571EB648CE0007E788 /* SUtilityTests */ = {
			isa = PBXGroup;
			children = (
				D344C3681EB6496A0007E788 /* TestAnimation.swift */,
				D344C3691EB6496A0007E788 /* TestRunningAverage.swift */,
				D344C35A1EB648CE0007E788 /* Info.plist */,
			);
			path = SUtilityTests;
			sourceTree = "<group>";
		};
/* End PBXGroup section */

/* Begin PBXHeadersBuildPhase section */
		D344C3471EB648CE0007E788 /* Headers */ = {
			isa = PBXHeadersBuildPhase;
			buildActionMask = 2147483647;
			files = (
				D344C35B1EB648CE0007E788 /* SUtility.h in Headers */,
			);
			runOnlyForDeploymentPostprocessing = 0;
		};
/* End PBXHeadersBuildPhase section */

/* Begin PBXNativeTarget section */
		D344C3491EB648CE0007E788 /* SUtility */ = {
			isa = PBXNativeTarget;
			buildConfigurationList = D344C35E1EB648CE0007E788 /* Build configuration list for PBXNativeTarget "SUtility" */;
			buildPhases = (
				D344C3451EB648CE0007E788 /* Sources */,
				D344C3461EB648CE0007E788 /* Frameworks */,
				D344C3471EB648CE0007E788 /* Headers */,
				D344C3481EB648CE0007E788 /* Resources */,
			);
			buildRules = (
			);
			dependencies = (
			);
			name = SUtility;
			productName = SUtility;
			productReference = D344C34A1EB648CE0007E788 /* SUtility.framework */;
			productType = "com.apple.product-type.framework";
		};
		D344C3521EB648CE0007E788 /* SUtilityTests */ = {
			isa = PBXNativeTarget;
			buildConfigurationList = D344C3611EB648CE0007E788 /* Build configuration list for PBXNativeTarget "SUtilityTests" */;
			buildPhases = (
				D344C34F1EB648CE0007E788 /* Sources */,
				D344C3501EB648CE0007E788 /* Frameworks */,
				D344C3511EB648CE0007E788 /* Resources */,
			);
			buildRules = (
			);
			dependencies = (
				D344C3561EB648CE0007E788 /* PBXTargetDependency */,
			);
			name = SUtilityTests;
			productName = SUtilityTests;
			productReference = D344C3531EB648CE0007E788 /* SUtilityTests.xctest */;
			productType = "com.apple.product-type.bundle.unit-test";
		};
/* End PBXNativeTarget section */

/* Begin PBXProject section */
		D344C3411EB648CE0007E788 /* Project object */ = {
			isa = PBXProject;
			attributes = {
				LastSwiftUpdateCheck = 0830;
				LastUpgradeCheck = 0830;
				ORGANIZATIONNAME = "Philip Hubbard";
				TargetAttributes = {
					D344C3491EB648CE0007E788 = {
						CreatedOnToolsVersion = 8.3;
						DevelopmentTeam = EBH83Y995B;
						LastSwiftMigration = 0830;
						ProvisioningStyle = Automatic;
					};
					D344C3521EB648CE0007E788 = {
						CreatedOnToolsVersion = 8.3;
						DevelopmentTeam = EBH83Y995B;
						ProvisioningStyle = Automatic;
					};
				};
			};
			buildConfigurationList = D344C3441EB648CE0007E788 /* Build configuration list for PBXProject "SUtility" */;
			compatibilityVersion = "Xcode 3.2";
			developmentRegion = English;
			hasScannedForEncodings = 0;
			knownRegions = (
				en,
			);
			mainGroup = D344C3401EB648CE0007E788;
			productRefGroup = D344C34B1EB648CE0007E788 /* Products */;
			projectDirPath = "";
			projectRoot = "";
			targets = (
				D344C3491EB648CE0007E788 /* SUtility */,
				D344C3521EB648CE0007E788 /* SUtilityTests */,
			);
		};
/* End PBXProject section */

/* Begin PBXResourcesBuildPhase section */
		D344C3481EB648CE0007E788 /* Resources */ = {
			isa = PBXResourcesBuildPhase;
			buildActionMask = 2147483647;
			files = (
			);
			runOnlyForDeploymentPostprocessing = 0;
		};
		D344C3511EB648CE0007E788 /* Resources */ = {
			isa = PBXResourcesBuildPhase;
			buildActionMask = 2147483647;
			files = (
			);
			runOnlyForDeploymentPostprocessing = 0;
		};
/* End PBXResourcesBuildPhase section */

/* Begin PBXSourcesBuildPhase section */
		D344C3451EB648CE0007E788 /* Sources */ = {
			isa = PBXSourcesBuildPhase;
			buildActionMask = 2147483647;
			files = (
				D344C3661EB6494E0007E788 /* Animation.swift in Sources */,
				D344C3671EB6494E0007E788 /* RunningAverage.swift in Sources */,
			);
			runOnlyForDeploymentPostprocessing = 0;
		};
		D344C34F1EB648CE0007E788 /* Sources */ = {
			isa = PBXSourcesBuildPhase;
			buildActionMask = 2147483647;
			files = (
				D344C36B1EB6496A0007E788 /* TestRunningAverage.swift in Sources */,
				D344C36A1EB6496A0007E788 /* TestAnimation.swift in Sources */,
			);
			runOnlyForDeploymentPostprocessing = 0;
		};
/* End PBXSourcesBuildPhase section */

/* Begin PBXTargetDependency section */
		D344C3561EB648CE0007E788 /* PBXTargetDependency */ = {
			isa = PBXTargetDependency;
			target = D344C3491EB648CE0007E788 /* SUtility */;
			targetProxy = D344C3551EB648CE0007E788 /* PBXContainerItemProxy */;
		};
/* End PBXTargetDependency section */

/* Begin XCBuildConfiguration section */
		D344C35C1EB648CE0007E788 /* Debug */ = {
			isa = XCBuildConfiguration;
			buildSettings = {
				ALWAYS_SEARCH_USER_PATHS = NO;
				CLANG_ANALYZER_NONNULL = YES;
				CLANG_ANALYZER_NUMBER_OBJECT_CONVERSION = YES_AGGRESSIVE;
				CLANG_CXX_LANGUAGE_STANDARD = "gnu++0x";
				CLANG_CXX_LIBRARY = "libc++";
				CLANG_ENABLE_MODULES = YES;
				CLANG_ENABLE_OBJC_ARC = YES;
				CLANG_WARN_BOOL_CONVERSION = YES;
				CLANG_WARN_CONSTANT_CONVERSION = YES;
				CLANG_WARN_DIRECT_OBJC_ISA_USAGE = YES_ERROR;
				CLANG_WARN_DOCUMENTATION_COMMENTS = YES;
				CLANG_WARN_EMPTY_BODY = YES;
				CLANG_WARN_ENUM_CONVERSION = YES;
				CLANG_WARN_INFINITE_RECURSION = YES;
				CLANG_WARN_INT_CONVERSION = YES;
				CLANG_WARN_OBJC_ROOT_CLASS = YES_ERROR;
				CLANG_WARN_SUSPICIOUS_MOVE = YES;
				CLANG_WARN_UNREACHABLE_CODE = YES;
				CLANG_WARN__DUPLICATE_METHOD_MATCH = YES;
				"CODE_SIGN_IDENTITY[sdk=iphoneos*]" = "iPhone Developer";
				COPY_PHASE_STRIP = NO;
				CURRENT_PROJECT_VERSION = 1;
				DEBUG_INFORMATION_FORMAT = dwarf;
				ENABLE_STRICT_OBJC_MSGSEND = YES;
				ENABLE_TESTABILITY = YES;
				GCC_C_LANGUAGE_STANDARD = gnu99;
				GCC_DYNAMIC_NO_PIC = NO;
				GCC_NO_COMMON_BLOCKS = YES;
				GCC_OPTIMIZATION_LEVEL = 0;
				GCC_PREPROCESSOR_DEFINITIONS = (
					"DEBUG=1",
					"$(inherited)",
				);
				GCC_WARN_64_TO_32_BIT_CONVERSION = YES;
				GCC_WARN_ABOUT_RETURN_TYPE = YES_ERROR;
				GCC_WARN_UNDECLARED_SELECTOR = YES;
				GCC_WARN_UNINITIALIZED_AUTOS = YES_AGGRESSIVE;
				GCC_WARN_UNUSED_FUNCTION = YES;
				GCC_WARN_UNUSED_VARIABLE = YES;
				IPHONEOS_DEPLOYMENT_TARGET = 10.3;
				MTL_ENABLE_DEBUG_INFO = YES;
				ONLY_ACTIVE_ARCH = YES;
				SDKROOT = iphoneos;
				SWIFT_ACTIVE_COMPILATION_CONDITIONS = DEBUG;
				SWIFT_OPTIMIZATION_LEVEL = "-Onone";
				TARGETED_DEVICE_FAMILY = "1,2";
				VERSIONING_SYSTEM = "apple-generic";
				VERSION_INFO_PREFIX = "";
			};
			name = Debug;
		};
		D344C35D1EB648CE0007E788 /* Release */ = {
			isa = XCBuildConfiguration;
			buildSettings = {
				ALWAYS_SEARCH_USER_PATHS = NO;
				CLANG_ANALYZER_NONNULL = YES;
				CLANG_ANALYZER_NUMBER_OBJECT_CONVERSION = YES_AGGRESSIVE;
				CLANG_CXX_LANGUAGE_STANDARD = "gnu++0x";
				CLANG_CXX_LIBRARY = "libc++";
				CLANG_ENABLE_MODULES = YES;
				CLANG_ENABLE_OBJC_ARC = YES;
				CLANG_WARN_BOOL_CONVERSION = YES;
				CLANG_WARN_CONSTANT_CONVERSION = YES;
				CLANG_WARN_DIRECT_OBJC_ISA_USAGE = YES_ERROR;
				CLANG_WARN_DOCUMENTATION_COMMENTS = YES;
				CLANG_WARN_EMPTY_BODY = YES;
				CLANG_WARN_ENUM_CONVERSION = YES;
				CLANG_WARN_INFINITE_RECURSION = YES;
				CLANG_WARN_INT_CONVERSION = YES;
				CLANG_WARN_OBJC_ROOT_CLASS = YES_ERROR;
				CLANG_WARN_SUSPICIOUS_MOVE = YES;
				CLANG_WARN_UNREACHABLE_CODE = YES;
				CLANG_WARN__DUPLICATE_METHOD_MATCH = YES;
				"CODE_SIGN_IDENTITY[sdk=iphoneos*]" = "iPhone Developer";
				COPY_PHASE_STRIP = NO;
				CURRENT_PROJECT_VERSION = 1;
				DEBUG_INFORMATION_FORMAT = "dwarf-with-dsym";
				ENABLE_NS_ASSERTIONS = NO;
				ENABLE_STRICT_OBJC_MSGSEND = YES;
				GCC_C_LANGUAGE_STANDARD = gnu99;
				GCC_NO_COMMON_BLOCKS = YES;
				GCC_WARN_64_TO_32_BIT_CONVERSION = YES;
				GCC_WARN_ABOUT_RETURN_TYPE = YES_ERROR;
				GCC_WARN_UNDECLARED_SELECTOR = YES;
				GCC_WARN_UNINITIALIZED_AUTOS = YES_AGGRESSIVE;
				GCC_WARN_UNUSED_FUNCTION = YES;
				GCC_WARN_UNUSED_VARIABLE = YES;
				IPHONEOS_DEPLOYMENT_TARGET = 10.3;
				MTL_ENABLE_DEBUG_INFO = NO;
				SDKROOT = iphoneos;
				SWIFT_OPTIMIZATION_LEVEL = "-Owholemodule";
				TARGETED_DEVICE_FAMILY = "1,2";
				VALIDATE_PRODUCT = YES;
				VERSIONING_SYSTEM = "apple-generic";
				VERSION_INFO_PREFIX = "";
			};
			name = Release;
		};
		D344C35F1EB648CE0007E788 /* Debug */ = {
			isa = XCBuildConfiguration;
			buildSettings = {
				CLANG_ENABLE_MODULES = YES;
				CODE_SIGN_IDENTITY = "";
				DEFINES_MODULE = YES;
				DEVELOPMENT_TEAM = EBH83Y995B;
				DYLIB_COMPATIBILITY_VERSION = 1;
				DYLIB_CURRENT_VERSION = 1;
				DYLIB_INSTALL_NAME_BASE = "@rpath";
				INFOPLIST_FILE = SUtility/Info.plist;
				INSTALL_PATH = "$(LOCAL_LIBRARY_DIR)/Frameworks";
				IPHONEOS_DEPLOYMENT_TARGET = 10.0;
				LD_RUNPATH_SEARCH_PATHS = "$(inherited) @executable_path/Frameworks @loader_path/Frameworks";
				PRODUCT_BUNDLE_IDENTIFIER = com.philiphubbard.SUtility;
				PRODUCT_NAME = "$(TARGET_NAME)";
				SKIP_INSTALL = YES;
				SWIFT_OPTIMIZATION_LEVEL = "-Onone";
				SWIFT_VERSION = 3.0;
			};
			name = Debug;
		};
		D344C3601EB648CE0007E788 /* Release */ = {
			isa = XCBuildConfiguration;
			buildSettings = {
				CLANG_ENABLE_MODULES = YES;
				CODE_SIGN_IDENTITY = "";
				DEFINES_MODULE = YES;
				DEVELOPMENT_TEAM = EBH83Y995B;
				DYLIB_COMPATIBILITY_VERSION = 1;
				DYLIB_CURRENT_VERSION = 1;
				DYLIB_INSTALL_NAME_BASE = "@rpath";
				INFOPLIST_FILE = SUtility/Info.plist;
				INSTALL_PATH = "$(LOCAL_LIBRARY_DIR)/Frameworks";
				IPHONEOS_DEPLOYMENT_TARGET = 10.0;
				LD_RUNPATH_SEARCH_PATHS = "$(inherited) @executable_path/Frameworks @loader_path/Frameworks";
				PRODUCT_BUNDLE_IDENTIFIER = com.philiphubbard.SUtility;
				PRODUCT_NAME = "$(TARGET_NAME)";
				SKIP_INSTALL = YES;
				SWIFT_VERSION = 3.0;
			};
			name = Release;
		};
		D344C3621EB648CE0007E788 /* Debug */ = {
			isa = XCBuildConfiguration;
			buildSettings = {
				ALWAYS_EMBED_SWIFT_STANDARD_LIBRARIES = YES;
				DEVELOPMENT_TEAM = EBH83Y995B;
				INFOPLIST_FILE = SUtilityTests/Info.plist;
				LD_RUNPATH_SEARCH_PATHS = "$(inherited) @executable_path/Frameworks @loader_path/Frameworks";
				PRODUCT_BUNDLE_IDENTIFIER = com.philiphubbard.SUtilityTests;
				PRODUCT_NAME = "$(TARGET_NAME)";
				SWIFT_VERSION = 3.0;
			};
			name = Debug;
		};
		D344C3631EB648CE0007E788 /* Release */ = {
			isa = XCBuildConfiguration;
			buildSettings = {
				ALWAYS_EMBED_SWIFT_STANDARD_LIBRARIES = YES;
				DEVELOPMENT_TEAM = EBH83Y995B;
				INFOPLIST_FILE = SUtilityTests/Info.plist;
				LD_RUNPATH_SEARCH_PATHS = "$(inherited) @executable_path/Frameworks @loader_path/Frameworks";
				PRODUCT_BUNDLE_IDENTIFIER = com.philiphubbard.SUtilityTests;
				PRODUCT_NAME = "$(TARGET_NAME)";
				SWIFT_VERSION = 3.0;
			};
			name = Release;
		};
/* End XCBuildConfiguration section */

/* Begin XCConfigurationList section */
		D344C3441EB648CE0007E788 /* Build configuration list for PBXProject "SUtility" */ = {
			isa = XCConfigurationList;
			buildConfigurations = (
				D344C35C1EB648CE0007E788 /* Debug */,
				D344C35D1EB648CE0007E788 /* Release */,
			);
			defaultConfigurationIsVisible = 0;
			defaultConfigurationName = Release;
		};
		D344C35E1EB648CE0007E788 /* Build configuration list for PBXNativeTarget "SUtility" */ = {
			isa = XCConfigurationList;
			buildConfigurations = (
				D344C35F1EB648CE0007E788 /* Debug */,
				D344C3601EB648CE0007E788 /* Release */,
			);
			defaultConfigurationIsVisible = 0;
		};
		D344C3611EB648CE0007E788 /* Build configuration list for PBXNativeTarget "SUtilityTests" */ = {
			isa = XCConfigurationList;
			buildConfigurations = (
				D344C3621EB648CE0007E788 /* Debug */,
				D344C3631EB648CE0007E788 /* Release */,
			);
			defaultConfigurationIsVisible = 0;
		};
/* End XCConfigurationList section */
	};
	rootObject = D344C3411EB648CE0007E788 /* Project object */;
}
